
Microsoft Visual Studio Solution File, Format Version 12.00
Project("{FAE04EC0-301F-11D3-BF4B-00C04F79EFBC}") = "TetoteCoreFixes", "TetoteCoreFixes\TetoteCoreFixes.csproj", "{703CE622-1A3E-4F8F-A195-1CB1D88E3237}"
EndProject
Global
	GlobalSection(SolutionConfigurationPlatforms) = preSolution
		Debug|Any CPU = Debug|Any CPU
		Release|Any CPU = Release|Any CPU
	EndGlobalSection
	GlobalSection(ProjectConfigurationPlatforms) = postSolution
		{703CE622-1A3E-4F8F-A195-1CB1D88E3237}.Debug|Any CPU.ActiveCfg = Debug|Any CPU
		{703CE622-1A3E-4F8F-A195-1CB1D88E3237}.Debug|Any CPU.Build.0 = Debug|Any CPU
		{703CE622-1A3E-4F8F-A195-1CB1D88E3237}.Release|Any CPU.ActiveCfg = Release|Any CPU
		{703CE622-1A3E-4F8F-A195-1CB1D88E3237}.Release|Any CPU.Build.0 = Release|Any CPU
	EndGlobalSection
EndGlobal
